// !$*UTF8*$!
{
	archiveVersion = 1;
	classes = {
	};
	objectVersion = 46;
	objects = {

/* Begin PBXBuildFile section */
		90445CBC1E3314110092EF88 /* CPCollectionViewKit.h in Headers */ = {isa = PBXBuildFile; fileRef = 90445CBA1E3314110092EF88 /* CPCollectionViewKit.h */; settings = {ATTRIBUTES = (Public, ); }; };
		90445CCA1E33146A0092EF88 /* CPCollectionViewKit.podspec in Resources */ = {isa = PBXBuildFile; fileRef = 90445CC71E33146A0092EF88 /* CPCollectionViewKit.podspec */; };
		90445CCB1E33146A0092EF88 /* LICENSE in Resources */ = {isa = PBXBuildFile; fileRef = 90445CC81E33146A0092EF88 /* LICENSE */; };
		90445CCC1E33146A0092EF88 /* README.md in Sources */ = {isa = PBXBuildFile; fileRef = 90445CC91E33146A0092EF88 /* README.md */; };
		9052620C1E9F788A005C168B /* CollectionViewLayout.swift in Sources */ = {isa = PBXBuildFile; fileRef = 905262081E9F788A005C168B /* CollectionViewLayout.swift */; };
		9052620D1E9F788A005C168B /* CollectionViewTransitionLayout.swift in Sources */ = {isa = PBXBuildFile; fileRef = 905262091E9F788A005C168B /* CollectionViewTransitionLayout.swift */; };
		9052620E1E9F788A005C168B /* CollectionViewTransitionManager.swift in Sources */ = {isa = PBXBuildFile; fileRef = 9052620A1E9F788A005C168B /* CollectionViewTransitionManager.swift */; };
		9052620F1E9F788A005C168B /* LayoutConfiguration.swift in Sources */ = {isa = PBXBuildFile; fileRef = 9052620B1E9F788A005C168B /* LayoutConfiguration.swift */; };
		905262161E9F789B005C168B /* CollectionViewCardLayout.swift in Sources */ = {isa = PBXBuildFile; fileRef = 905262101E9F789B005C168B /* CollectionViewCardLayout.swift */; };
		905262171E9F789B005C168B /* CollectionViewCaterpillarLayout.swift in Sources */ = {isa = PBXBuildFile; fileRef = 905262111E9F789B005C168B /* CollectionViewCaterpillarLayout.swift */; };
		905262181E9F789B005C168B /* CollectionViewCircleLayout.swift in Sources */ = {isa = PBXBuildFile; fileRef = 905262121E9F789B005C168B /* CollectionViewCircleLayout.swift */; };
		905262191E9F789B005C168B /* CollectionViewStageLayout.swift in Sources */ = {isa = PBXBuildFile; fileRef = 905262131E9F789B005C168B /* CollectionViewStageLayout.swift */; };
		9052621A1E9F789B005C168B /* CollectionViewTimeMachineLayout.swift in Sources */ = {isa = PBXBuildFile; fileRef = 905262141E9F789B005C168B /* CollectionViewTimeMachineLayout.swift */; };
		9052621B1E9F789B005C168B /* CollectionViewWheelLayout.swift in Sources */ = {isa = PBXBuildFile; fileRef = 905262151E9F789B005C168B /* CollectionViewWheelLayout.swift */; };
/* End PBXBuildFile section */

/* Begin PBXFileReference section */
		90445CB71E3314110092EF88 /* CPCollectionViewKit.framework */ = {isa = PBXFileReference; explicitFileType = wrapper.framework; includeInIndex = 0; path = CPCollectionViewKit.framework; sourceTree = BUILT_PRODUCTS_DIR; };
		90445CBA1E3314110092EF88 /* CPCollectionViewKit.h */ = {isa = PBXFileReference; lastKnownFileType = sourcecode.c.h; path = CPCollectionViewKit.h; sourceTree = "<group>"; };
		90445CBB1E3314110092EF88 /* Info.plist */ = {isa = PBXFileReference; lastKnownFileType = text.plist.xml; path = Info.plist; sourceTree = "<group>"; };
		90445CC71E33146A0092EF88 /* CPCollectionViewKit.podspec */ = {isa = PBXFileReference; fileEncoding = 4; lastKnownFileType = text; path = CPCollectionViewKit.podspec; sourceTree = "<group>"; };
		90445CC81E33146A0092EF88 /* LICENSE */ = {isa = PBXFileReference; fileEncoding = 4; lastKnownFileType = text; path = LICENSE; sourceTree = "<group>"; };
		90445CC91E33146A0092EF88 /* README.md */ = {isa = PBXFileReference; fileEncoding = 4; lastKnownFileType = net.daringfireball.markdown; path = README.md; sourceTree = "<group>"; };
		905262081E9F788A005C168B /* CollectionViewLayout.swift */ = {isa = PBXFileReference; fileEncoding = 4; lastKnownFileType = sourcecode.swift; path = CollectionViewLayout.swift; sourceTree = "<group>"; };
		905262091E9F788A005C168B /* CollectionViewTransitionLayout.swift */ = {isa = PBXFileReference; fileEncoding = 4; lastKnownFileType = sourcecode.swift; path = CollectionViewTransitionLayout.swift; sourceTree = "<group>"; };
		9052620A1E9F788A005C168B /* CollectionViewTransitionManager.swift */ = {isa = PBXFileReference; fileEncoding = 4; lastKnownFileType = sourcecode.swift; path = CollectionViewTransitionManager.swift; sourceTree = "<group>"; };
		9052620B1E9F788A005C168B /* LayoutConfiguration.swift */ = {isa = PBXFileReference; fileEncoding = 4; lastKnownFileType = sourcecode.swift; path = LayoutConfiguration.swift; sourceTree = "<group>"; };
		905262101E9F789B005C168B /* CollectionViewCardLayout.swift */ = {isa = PBXFileReference; fileEncoding = 4; lastKnownFileType = sourcecode.swift; path = CollectionViewCardLayout.swift; sourceTree = "<group>"; };
		905262111E9F789B005C168B /* CollectionViewCaterpillarLayout.swift */ = {isa = PBXFileReference; fileEncoding = 4; lastKnownFileType = sourcecode.swift; path = CollectionViewCaterpillarLayout.swift; sourceTree = "<group>"; };
		905262121E9F789B005C168B /* CollectionViewCircleLayout.swift */ = {isa = PBXFileReference; fileEncoding = 4; lastKnownFileType = sourcecode.swift; path = CollectionViewCircleLayout.swift; sourceTree = "<group>"; };
		905262131E9F789B005C168B /* CollectionViewStageLayout.swift */ = {isa = PBXFileReference; fileEncoding = 4; lastKnownFileType = sourcecode.swift; path = CollectionViewStageLayout.swift; sourceTree = "<group>"; };
		905262141E9F789B005C168B /* CollectionViewTimeMachineLayout.swift */ = {isa = PBXFileReference; fileEncoding = 4; lastKnownFileType = sourcecode.swift; path = CollectionViewTimeMachineLayout.swift; sourceTree = "<group>"; };
		905262151E9F789B005C168B /* CollectionViewWheelLayout.swift */ = {isa = PBXFileReference; fileEncoding = 4; lastKnownFileType = sourcecode.swift; path = CollectionViewWheelLayout.swift; sourceTree = "<group>"; };
/* End PBXFileReference section */

/* Begin PBXFrameworksBuildPhase section */
		90445CB31E3314110092EF88 /* Frameworks */ = {
			isa = PBXFrameworksBuildPhase;
			buildActionMask = 2147483647;
			files = (
			);
			runOnlyForDeploymentPostprocessing = 0;
		};
/* End PBXFrameworksBuildPhase section */

/* Begin PBXGroup section */
		90445CAD1E3314110092EF88 = {
			isa = PBXGroup;
			children = (
				90445CC61E3314560092EF88 /* metadatafile */,
				90445CB91E3314110092EF88 /* CPCollectionViewKit */,
				90445CB81E3314110092EF88 /* Products */,
			);
			sourceTree = "<group>";
		};
		90445CB81E3314110092EF88 /* Products */ = {
			isa = PBXGroup;
			children = (
				90445CB71E3314110092EF88 /* CPCollectionViewKit.framework */,
			);
			name = Products;
			sourceTree = "<group>";
		};
		90445CB91E3314110092EF88 /* CPCollectionViewKit */ = {
			isa = PBXGroup;
			children = (
				90BC8FEB1E587F0000C49A21 /* Public */,
				90BC8FEA1E587EC700C49A21 /* Layout */,
				90445CBB1E3314110092EF88 /* Info.plist */,
			);
			path = CPCollectionViewKit;
			sourceTree = "<group>";
		};
		90445CC61E3314560092EF88 /* metadatafile */ = {
			isa = PBXGroup;
			children = (
				90445CC71E33146A0092EF88 /* CPCollectionViewKit.podspec */,
				90445CC81E33146A0092EF88 /* LICENSE */,
				90445CC91E33146A0092EF88 /* README.md */,
			);
			name = metadatafile;
			sourceTree = "<group>";
		};
		90BC8FEA1E587EC700C49A21 /* Layout */ = {
			isa = PBXGroup;
			children = (
				905262101E9F789B005C168B /* CollectionViewCardLayout.swift */,
				905262111E9F789B005C168B /* CollectionViewCaterpillarLayout.swift */,
				905262121E9F789B005C168B /* CollectionViewCircleLayout.swift */,
				905262131E9F789B005C168B /* CollectionViewStageLayout.swift */,
				905262141E9F789B005C168B /* CollectionViewTimeMachineLayout.swift */,
				905262151E9F789B005C168B /* CollectionViewWheelLayout.swift */,
			);
			name = Layout;
			sourceTree = "<group>";
		};
		90BC8FEB1E587F0000C49A21 /* Public */ = {
			isa = PBXGroup;
			children = (
				90445CBA1E3314110092EF88 /* CPCollectionViewKit.h */,
				905262081E9F788A005C168B /* CollectionViewLayout.swift */,
				905262091E9F788A005C168B /* CollectionViewTransitionLayout.swift */,
				9052620A1E9F788A005C168B /* CollectionViewTransitionManager.swift */,
				9052620B1E9F788A005C168B /* LayoutConfiguration.swift */,
			);
			name = Public;
			sourceTree = "<group>";
		};
/* End PBXGroup section */

/* Begin PBXHeadersBuildPhase section */
		90445CB41E3314110092EF88 /* Headers */ = {
			isa = PBXHeadersBuildPhase;
			buildActionMask = 2147483647;
			files = (
				90445CBC1E3314110092EF88 /* CPCollectionViewKit.h in Headers */,
			);
			runOnlyForDeploymentPostprocessing = 0;
		};
/* End PBXHeadersBuildPhase section */

/* Begin PBXNativeTarget section */
		90445CB61E3314110092EF88 /* CPCollectionViewKit */ = {
			isa = PBXNativeTarget;
			buildConfigurationList = 90445CBF1E3314110092EF88 /* Build configuration list for PBXNativeTarget "CPCollectionViewKit" */;
			buildPhases = (
				90445CB21E3314110092EF88 /* Sources */,
				90445CB31E3314110092EF88 /* Frameworks */,
				90445CB41E3314110092EF88 /* Headers */,
				90445CB51E3314110092EF88 /* Resources */,
			);
			buildRules = (
			);
			dependencies = (
			);
			name = CPCollectionViewKit;
			productName = CPCollectionViewKit;
			productReference = 90445CB71E3314110092EF88 /* CPCollectionViewKit.framework */;
			productType = "com.apple.product-type.framework";
		};
/* End PBXNativeTarget section */

/* Begin PBXProject section */
		90445CAE1E3314110092EF88 /* Project object */ = {
			isa = PBXProject;
			attributes = {
				LastUpgradeCheck = 0820;
				ORGANIZATIONNAME = Parsifal;
				TargetAttributes = {
					90445CB61E3314110092EF88 = {
						CreatedOnToolsVersion = 8.2.1;
						DevelopmentTeam = 558X9W8374;
						LastSwiftMigration = 0820;
						ProvisioningStyle = Automatic;
					};
				};
			};
			buildConfigurationList = 90445CB11E3314110092EF88 /* Build configuration list for PBXProject "CPCollectionViewKit" */;
			compatibilityVersion = "Xcode 3.2";
			developmentRegion = English;
			hasScannedForEncodings = 0;
			knownRegions = (
				en,
			);
			mainGroup = 90445CAD1E3314110092EF88;
			productRefGroup = 90445CB81E3314110092EF88 /* Products */;
			projectDirPath = "";
			projectRoot = "";
			targets = (
				90445CB61E3314110092EF88 /* CPCollectionViewKit */,
			);
		};
/* End PBXProject section */

/* Begin PBXResourcesBuildPhase section */
		90445CB51E3314110092EF88 /* Resources */ = {
			isa = PBXResourcesBuildPhase;
			buildActionMask = 2147483647;
			files = (
				90445CCB1E33146A0092EF88 /* LICENSE in Resources */,
				90445CCA1E33146A0092EF88 /* CPCollectionViewKit.podspec in Resources */,
			);
			runOnlyForDeploymentPostprocessing = 0;
		};
/* End PBXResourcesBuildPhase section */

/* Begin PBXSourcesBuildPhase section */
		90445CB21E3314110092EF88 /* Sources */ = {
			isa = PBXSourcesBuildPhase;
			buildActionMask = 2147483647;
			files = (
				90445CCC1E33146A0092EF88 /* README.md in Sources */,
				9052621A1E9F789B005C168B /* CollectionViewTimeMachineLayout.swift in Sources */,
				9052621B1E9F789B005C168B /* CollectionViewWheelLayout.swift in Sources */,
				9052620C1E9F788A005C168B /* CollectionViewLayout.swift in Sources */,
				9052620F1E9F788A005C168B /* LayoutConfiguration.swift in Sources */,
				905262161E9F789B005C168B /* CollectionViewCardLayout.swift in Sources */,
				9052620E1E9F788A005C168B /* CollectionViewTransitionManager.swift in Sources */,
				905262191E9F789B005C168B /* CollectionViewStageLayout.swift in Sources */,
				905262171E9F789B005C168B /* CollectionViewCaterpillarLayout.swift in Sources */,
				9052620D1E9F788A005C168B /* CollectionViewTransitionLayout.swift in Sources */,
				905262181E9F789B005C168B /* CollectionViewCircleLayout.swift in Sources */,
			);
			runOnlyForDeploymentPostprocessing = 0;
		};
/* End PBXSourcesBuildPhase section */

/* Begin XCBuildConfiguration section */
		90445CBD1E3314110092EF88 /* Debug */ = {
			isa = XCBuildConfiguration;
			buildSettings = {
				ALWAYS_SEARCH_USER_PATHS = NO;
				CLANG_ANALYZER_NONNULL = YES;
				CLANG_CXX_LANGUAGE_STANDARD = "gnu++0x";
				CLANG_CXX_LIBRARY = "libc++";
				CLANG_ENABLE_MODULES = YES;
				CLANG_ENABLE_OBJC_ARC = YES;
				CLANG_WARN_BOOL_CONVERSION = YES;
				CLANG_WARN_CONSTANT_CONVERSION = YES;
				CLANG_WARN_DIRECT_OBJC_ISA_USAGE = YES_ERROR;
				CLANG_WARN_DOCUMENTATION_COMMENTS = YES;
				CLANG_WARN_EMPTY_BODY = YES;
				CLANG_WARN_ENUM_CONVERSION = YES;
				CLANG_WARN_INFINITE_RECURSION = YES;
				CLANG_WARN_INT_CONVERSION = YES;
				CLANG_WARN_OBJC_ROOT_CLASS = YES_ERROR;
				CLANG_WARN_SUSPICIOUS_MOVE = YES;
				CLANG_WARN_UNREACHABLE_CODE = YES;
				CLANG_WARN__DUPLICATE_METHOD_MATCH = YES;
				"CODE_SIGN_IDENTITY[sdk=iphoneos*]" = "iPhone Developer";
				COPY_PHASE_STRIP = NO;
				CURRENT_PROJECT_VERSION = 1;
				DEBUG_INFORMATION_FORMAT = dwarf;
				ENABLE_STRICT_OBJC_MSGSEND = YES;
				ENABLE_TESTABILITY = YES;
				GCC_C_LANGUAGE_STANDARD = gnu99;
				GCC_DYNAMIC_NO_PIC = NO;
				GCC_NO_COMMON_BLOCKS = YES;
				GCC_OPTIMIZATION_LEVEL = 0;
				GCC_PREPROCESSOR_DEFINITIONS = (
					"DEBUG=1",
					"$(inherited)",
				);
				GCC_WARN_64_TO_32_BIT_CONVERSION = YES;
				GCC_WARN_ABOUT_RETURN_TYPE = YES_ERROR;
				GCC_WARN_UNDECLARED_SELECTOR = YES;
				GCC_WARN_UNINITIALIZED_AUTOS = YES_AGGRESSIVE;
				GCC_WARN_UNUSED_FUNCTION = YES;
				GCC_WARN_UNUSED_VARIABLE = YES;
				IPHONEOS_DEPLOYMENT_TARGET = 8.0;
				MTL_ENABLE_DEBUG_INFO = YES;
				ONLY_ACTIVE_ARCH = YES;
				SDKROOT = iphoneos;
				SWIFT_ACTIVE_COMPILATION_CONDITIONS = DEBUG;
				SWIFT_OPTIMIZATION_LEVEL = "-Onone";
				TARGETED_DEVICE_FAMILY = "1,2";
				VERSIONING_SYSTEM = "apple-generic";
				VERSION_INFO_PREFIX = "";
			};
			name = Debug;
		};
		90445CBE1E3314110092EF88 /* Release */ = {
			isa = XCBuildConfiguration;
			buildSettings = {
				ALWAYS_SEARCH_USER_PATHS = NO;
				CLANG_ANALYZER_NONNULL = YES;
				CLANG_CXX_LANGUAGE_STANDARD = "gnu++0x";
				CLANG_CXX_LIBRARY = "libc++";
				CLANG_ENABLE_MODULES = YES;
				CLANG_ENABLE_OBJC_ARC = YES;
				CLANG_WARN_BOOL_CONVERSION = YES;
				CLANG_WARN_CONSTANT_CONVERSION = YES;
				CLANG_WARN_DIRECT_OBJC_ISA_USAGE = YES_ERROR;
				CLANG_WARN_DOCUMENTATION_COMMENTS = YES;
				CLANG_WARN_EMPTY_BODY = YES;
				CLANG_WARN_ENUM_CONVERSION = YES;
				CLANG_WARN_INFINITE_RECURSION = YES;
				CLANG_WARN_INT_CONVERSION = YES;
				CLANG_WARN_OBJC_ROOT_CLASS = YES_ERROR;
				CLANG_WARN_SUSPICIOUS_MOVE = YES;
				CLANG_WARN_UNREACHABLE_CODE = YES;
				CLANG_WARN__DUPLICATE_METHOD_MATCH = YES;
				"CODE_SIGN_IDENTITY[sdk=iphoneos*]" = "iPhone Developer";
				COPY_PHASE_STRIP = NO;
				CURRENT_PROJECT_VERSION = 1;
				DEBUG_INFORMATION_FORMAT = "dwarf-with-dsym";
				ENABLE_NS_ASSERTIONS = NO;
				ENABLE_STRICT_OBJC_MSGSEND = YES;
				GCC_C_LANGUAGE_STANDARD = gnu99;
				GCC_NO_COMMON_BLOCKS = YES;
				GCC_WARN_64_TO_32_BIT_CONVERSION = YES;
				GCC_WARN_ABOUT_RETURN_TYPE = YES_ERROR;
				GCC_WARN_UNDECLARED_SELECTOR = YES;
				GCC_WARN_UNINITIALIZED_AUTOS = YES_AGGRESSIVE;
				GCC_WARN_UNUSED_FUNCTION = YES;
				GCC_WARN_UNUSED_VARIABLE = YES;
				IPHONEOS_DEPLOYMENT_TARGET = 8.0;
				MTL_ENABLE_DEBUG_INFO = NO;
				SDKROOT = iphoneos;
				SWIFT_OPTIMIZATION_LEVEL = "-Owholemodule";
				TARGETED_DEVICE_FAMILY = "1,2";
				VALIDATE_PRODUCT = YES;
				VERSIONING_SYSTEM = "apple-generic";
				VERSION_INFO_PREFIX = "";
			};
			name = Release;
		};
		90445CC01E3314110092EF88 /* Debug */ = {
			isa = XCBuildConfiguration;
			buildSettings = {
				CLANG_ENABLE_MODULES = YES;
				CODE_SIGN_IDENTITY = "";
				DEFINES_MODULE = YES;
				DEVELOPMENT_TEAM = 558X9W8374;
				DYLIB_COMPATIBILITY_VERSION = 1;
				DYLIB_CURRENT_VERSION = 1;
				DYLIB_INSTALL_NAME_BASE = "@rpath";
				INFOPLIST_FILE = CPCollectionViewKit/Info.plist;
				INSTALL_PATH = "$(LOCAL_LIBRARY_DIR)/Frameworks";
				IPHONEOS_DEPLOYMENT_TARGET = 8.0;
				LD_RUNPATH_SEARCH_PATHS = "$(inherited) @executable_path/Frameworks @loader_path/Frameworks";
				PRODUCT_BUNDLE_IDENTIFIER = com.Parsifal.CPCollectionViewKit;
				PRODUCT_NAME = "$(TARGET_NAME)";
				SKIP_INSTALL = YES;
				SWIFT_OPTIMIZATION_LEVEL = "-Onone";
				SWIFT_VERSION = 3.0;
			};
			name = Debug;
		};
		90445CC11E3314110092EF88 /* Release */ = {
			isa = XCBuildConfiguration;
			buildSettings = {
				CLANG_ENABLE_MODULES = YES;
				CODE_SIGN_IDENTITY = "";
				DEFINES_MODULE = YES;
				DEVELOPMENT_TEAM = 558X9W8374;
				DYLIB_COMPATIBILITY_VERSION = 1;
				DYLIB_CURRENT_VERSION = 1;
				DYLIB_INSTALL_NAME_BASE = "@rpath";
				INFOPLIST_FILE = CPCollectionViewKit/Info.plist;
				INSTALL_PATH = "$(LOCAL_LIBRARY_DIR)/Frameworks";
				IPHONEOS_DEPLOYMENT_TARGET = 8.0;
				LD_RUNPATH_SEARCH_PATHS = "$(inherited) @executable_path/Frameworks @loader_path/Frameworks";
				PRODUCT_BUNDLE_IDENTIFIER = com.Parsifal.CPCollectionViewKit;
				PRODUCT_NAME = "$(TARGET_NAME)";
				SKIP_INSTALL = YES;
				SWIFT_VERSION = 3.0;
			};
			name = Release;
		};
/* End XCBuildConfiguration section */

/* Begin XCConfigurationList section */
		90445CB11E3314110092EF88 /* Build configuration list for PBXProject "CPCollectionViewKit" */ = {
			isa = XCConfigurationList;
			buildConfigurations = (
				90445CBD1E3314110092EF88 /* Debug */,
				90445CBE1E3314110092EF88 /* Release */,
			);
			defaultConfigurationIsVisible = 0;
			defaultConfigurationName = Release;
		};
		90445CBF1E3314110092EF88 /* Build configuration list for PBXNativeTarget "CPCollectionViewKit" */ = {
			isa = XCConfigurationList;
			buildConfigurations = (
				90445CC01E3314110092EF88 /* Debug */,
				90445CC11E3314110092EF88 /* Release */,
			);
			defaultConfigurationIsVisible = 0;
			defaultConfigurationName = Release;
		};
/* End XCConfigurationList section */
	};
	rootObject = 90445CAE1E3314110092EF88 /* Project object */;
}
