// !$*UTF8*$!
{
	archiveVersion = 1;
	classes = {
	};
	objectVersion = 46;
	objects = {

/* Begin PBXBuildFile section */
		90BC8FD91E587EA800C49A21 /* AppDelegate.swift in Sources */ = {isa = PBXBuildFile; fileRef = 90BC8FD81E587EA800C49A21 /* AppDelegate.swift */; };
		90BC8FDB1E587EA800C49A21 /* ViewController.swift in Sources */ = {isa = PBXBuildFile; fileRef = 90BC8FDA1E587EA800C49A21 /* ViewController.swift */; };
		90BC8FDE1E587EA900C49A21 /* Main.storyboard in Resources */ = {isa = PBXBuildFile; fileRef = 90BC8FDC1E587EA900C49A21 /* Main.storyboard */; };
		90BC8FE01E587EA900C49A21 /* Assets.xcassets in Resources */ = {isa = PBXBuildFile; fileRef = 90BC8FDF1E587EA900C49A21 /* Assets.xcassets */; };
		90BC8FE31E587EA900C49A21 /* LaunchScreen.storyboard in Resources */ = {isa = PBXBuildFile; fileRef = 90BC8FE11E587EA900C49A21 /* LaunchScreen.storyboard */; };
		90BC90101E5C5A6500C49A21 /* CPCollectionViewCell.swift in Sources */ = {isa = PBXBuildFile; fileRef = 90BC900F1E5C5A6500C49A21 /* CPCollectionViewCell.swift */; };
		E489C15F4276BD8E788084E0 /* Pods_CPCollectionViewStackLayoutTransitionDemo.framework in Frameworks */ = {isa = PBXBuildFile; fileRef = E95F71A63501F8C1BAE77DE0 /* Pods_CPCollectionViewStackLayoutTransitionDemo.framework */; };
/* End PBXBuildFile section */

/* Begin PBXFileReference section */
		19E2037BD58A39C6F58ED54A /* Pods-CPCollectionViewStackLayoutTransitionDemo.release.xcconfig */ = {isa = PBXFileReference; includeInIndex = 1; lastKnownFileType = text.xcconfig; name = "Pods-CPCollectionViewStackLayoutTransitionDemo.release.xcconfig"; path = "Pods/Target Support Files/Pods-CPCollectionViewStackLayoutTransitionDemo/Pods-CPCollectionViewStackLayoutTransitionDemo.release.xcconfig"; sourceTree = "<group>"; };
		90BC8FD51E587EA800C49A21 /* CPCollectionViewStackLayoutTransitionDemo.app */ = {isa = PBXFileReference; explicitFileType = wrapper.application; includeInIndex = 0; path = CPCollectionViewStackLayoutTransitionDemo.app; sourceTree = BUILT_PRODUCTS_DIR; };
		90BC8FD81E587EA800C49A21 /* AppDelegate.swift */ = {isa = PBXFileReference; lastKnownFileType = sourcecode.swift; path = AppDelegate.swift; sourceTree = "<group>"; };
		90BC8FDA1E587EA800C49A21 /* ViewController.swift */ = {isa = PBXFileReference; lastKnownFileType = sourcecode.swift; path = ViewController.swift; sourceTree = "<group>"; };
		90BC8FDD1E587EA900C49A21 /* Base */ = {isa = PBXFileReference; lastKnownFileType = file.storyboard; name = Base; path = Base.lproj/Main.storyboard; sourceTree = "<group>"; };
		90BC8FDF1E587EA900C49A21 /* Assets.xcassets */ = {isa = PBXFileReference; lastKnownFileType = folder.assetcatalog; path = Assets.xcassets; sourceTree = "<group>"; };
		90BC8FE21E587EA900C49A21 /* Base */ = {isa = PBXFileReference; lastKnownFileType = file.storyboard; name = Base; path = Base.lproj/LaunchScreen.storyboard; sourceTree = "<group>"; };
		90BC8FE41E587EA900C49A21 /* Info.plist */ = {isa = PBXFileReference; lastKnownFileType = text.plist.xml; path = Info.plist; sourceTree = "<group>"; };
		90BC900F1E5C5A6500C49A21 /* CPCollectionViewCell.swift */ = {isa = PBXFileReference; fileEncoding = 4; lastKnownFileType = sourcecode.swift; path = CPCollectionViewCell.swift; sourceTree = "<group>"; };
		E95F71A63501F8C1BAE77DE0 /* Pods_CPCollectionViewStackLayoutTransitionDemo.framework */ = {isa = PBXFileReference; explicitFileType = wrapper.framework; includeInIndex = 0; path = Pods_CPCollectionViewStackLayoutTransitionDemo.framework; sourceTree = BUILT_PRODUCTS_DIR; };
		EE564D8AC477EE3089D6FF50 /* Pods-CPCollectionViewStackLayoutTransitionDemo.debug.xcconfig */ = {isa = PBXFileReference; includeInIndex = 1; lastKnownFileType = text.xcconfig; name = "Pods-CPCollectionViewStackLayoutTransitionDemo.debug.xcconfig"; path = "Pods/Target Support Files/Pods-CPCollectionViewStackLayoutTransitionDemo/Pods-CPCollectionViewStackLayoutTransitionDemo.debug.xcconfig"; sourceTree = "<group>"; };
/* End PBXFileReference section */

/* Begin PBXFrameworksBuildPhase section */
		90BC8FD21E587EA800C49A21 /* Frameworks */ = {
			isa = PBXFrameworksBuildPhase;
			buildActionMask = 2147483647;
			files = (
				E489C15F4276BD8E788084E0 /* Pods_CPCollectionViewStackLayoutTransitionDemo.framework in Frameworks */,
			);
			runOnlyForDeploymentPostprocessing = 0;
		};
/* End PBXFrameworksBuildPhase section */

/* Begin PBXGroup section */
		90BC8FCC1E587EA800C49A21 = {
			isa = PBXGroup;
			children = (
				90BC8FD71E587EA800C49A21 /* CPCollectionViewStackLayoutTransitionDemo */,
				90BC8FD61E587EA800C49A21 /* Products */,
				CFED7B6DC980D8A8FF6AC20A /* Pods */,
				F315886CCB0E194AD391E640 /* Frameworks */,
			);
			sourceTree = "<group>";
		};
		90BC8FD61E587EA800C49A21 /* Products */ = {
			isa = PBXGroup;
			children = (
				90BC8FD51E587EA800C49A21 /* CPCollectionViewStackLayoutTransitionDemo.app */,
			);
			name = Products;
			sourceTree = "<group>";
		};
		90BC8FD71E587EA800C49A21 /* CPCollectionViewStackLayoutTransitionDemo */ = {
			isa = PBXGroup;
			children = (
				90BC8FD81E587EA800C49A21 /* AppDelegate.swift */,
				90BC8FDA1E587EA800C49A21 /* ViewController.swift */,
				90BC900F1E5C5A6500C49A21 /* CPCollectionViewCell.swift */,
				90BC8FDC1E587EA900C49A21 /* Main.storyboard */,
				90BC8FDF1E587EA900C49A21 /* Assets.xcassets */,
				90BC8FE11E587EA900C49A21 /* LaunchScreen.storyboard */,
				90BC8FE41E587EA900C49A21 /* Info.plist */,
			);
			path = CPCollectionViewStackLayoutTransitionDemo;
			sourceTree = "<group>";
		};
		CFED7B6DC980D8A8FF6AC20A /* Pods */ = {
			isa = PBXGroup;
			children = (
				EE564D8AC477EE3089D6FF50 /* Pods-CPCollectionViewStackLayoutTransitionDemo.debug.xcconfig */,
				19E2037BD58A39C6F58ED54A /* Pods-CPCollectionViewStackLayoutTransitionDemo.release.xcconfig */,
			);
			name = Pods;
			sourceTree = "<group>";
		};
		F315886CCB0E194AD391E640 /* Frameworks */ = {
			isa = PBXGroup;
			children = (
				E95F71A63501F8C1BAE77DE0 /* Pods_CPCollectionViewStackLayoutTransitionDemo.framework */,
			);
			name = Frameworks;
			sourceTree = "<group>";
		};
/* End PBXGroup section */

/* Begin PBXNativeTarget section */
		90BC8FD41E587EA800C49A21 /* CPCollectionViewStackLayoutTransitionDemo */ = {
			isa = PBXNativeTarget;
			buildConfigurationList = 90BC8FE71E587EA900C49A21 /* Build configuration list for PBXNativeTarget "CPCollectionViewStackLayoutTransitionDemo" */;
			buildPhases = (
				545EBACF6553D62EE09BD348 /* [CP] Check Pods Manifest.lock */,
				90BC8FD11E587EA800C49A21 /* Sources */,
				90BC8FD21E587EA800C49A21 /* Frameworks */,
				90BC8FD31E587EA800C49A21 /* Resources */,
				6AB3949F5099BB6EADD6EBB7 /* [CP] Embed Pods Frameworks */,
				0E0C2B014E40B1E0340976CA /* [CP] Copy Pods Resources */,
			);
			buildRules = (
			);
			dependencies = (
			);
			name = CPCollectionViewStackLayoutTransitionDemo;
			productName = CPCollectionViewStackLayoutTransitionDemo;
			productReference = 90BC8FD51E587EA800C49A21 /* CPCollectionViewStackLayoutTransitionDemo.app */;
			productType = "com.apple.product-type.application";
		};
/* End PBXNativeTarget section */

/* Begin PBXProject section */
		90BC8FCD1E587EA800C49A21 /* Project object */ = {
			isa = PBXProject;
			attributes = {
				LastSwiftUpdateCheck = 0820;
				LastUpgradeCheck = 0820;
				ORGANIZATIONNAME = Parsifal;
				TargetAttributes = {
					90BC8FD41E587EA800C49A21 = {
						CreatedOnToolsVersion = 8.2.1;
						DevelopmentTeam = QPY54Z9HV5;
						ProvisioningStyle = Automatic;
					};
				};
			};
			buildConfigurationList = 90BC8FD01E587EA800C49A21 /* Build configuration list for PBXProject "CPCollectionViewStackLayoutTransitionDemo" */;
			compatibilityVersion = "Xcode 3.2";
			developmentRegion = English;
			hasScannedForEncodings = 0;
			knownRegions = (
				en,
				Base,
			);
			mainGroup = 90BC8FCC1E587EA800C49A21;
			productRefGroup = 90BC8FD61E587EA800C49A21 /* Products */;
			projectDirPath = "";
			projectRoot = "";
			targets = (
				90BC8FD41E587EA800C49A21 /* CPCollectionViewStackLayoutTransitionDemo */,
			);
		};
/* End PBXProject section */

/* Begin PBXResourcesBuildPhase section */
		90BC8FD31E587EA800C49A21 /* Resources */ = {
			isa = PBXResourcesBuildPhase;
			buildActionMask = 2147483647;
			files = (
				90BC8FE31E587EA900C49A21 /* LaunchScreen.storyboard in Resources */,
				90BC8FE01E587EA900C49A21 /* Assets.xcassets in Resources */,
				90BC8FDE1E587EA900C49A21 /* Main.storyboard in Resources */,
			);
			runOnlyForDeploymentPostprocessing = 0;
		};
/* End PBXResourcesBuildPhase section */

/* Begin PBXShellScriptBuildPhase section */
		0E0C2B014E40B1E0340976CA /* [CP] Copy Pods Resources */ = {
			isa = PBXShellScriptBuildPhase;
			buildActionMask = 2147483647;
			files = (
			);
			inputPaths = (
			);
			name = "[CP] Copy Pods Resources";
			outputPaths = (
			);
			runOnlyForDeploymentPostprocessing = 0;
			shellPath = /bin/sh;
			shellScript = "\"${SRCROOT}/Pods/Target Support Files/Pods-CPCollectionViewStackLayoutTransitionDemo/Pods-CPCollectionViewStackLayoutTransitionDemo-resources.sh\"\n";
			showEnvVarsInLog = 0;
		};
		545EBACF6553D62EE09BD348 /* [CP] Check Pods Manifest.lock */ = {
			isa = PBXShellScriptBuildPhase;
			buildActionMask = 2147483647;
			files = (
			);
			inputPaths = (
			);
			name = "[CP] Check Pods Manifest.lock";
			outputPaths = (
			);
			runOnlyForDeploymentPostprocessing = 0;
			shellPath = /bin/sh;
			shellScript = "diff \"${PODS_ROOT}/../Podfile.lock\" \"${PODS_ROOT}/Manifest.lock\" > /dev/null\nif [ $? != 0 ] ; then\n    # print error to STDERR\n    echo \"error: The sandbox is not in sync with the Podfile.lock. Run 'pod install' or update your CocoaPods installation.\" >&2\n    exit 1\nfi\n";
			showEnvVarsInLog = 0;
		};
		6AB3949F5099BB6EADD6EBB7 /* [CP] Embed Pods Frameworks */ = {
			isa = PBXShellScriptBuildPhase;
			buildActionMask = 2147483647;
			files = (
			);
			inputPaths = (
			);
			name = "[CP] Embed Pods Frameworks";
			outputPaths = (
			);
			runOnlyForDeploymentPostprocessing = 0;
			shellPath = /bin/sh;
			shellScript = "\"${SRCROOT}/Pods/Target Support Files/Pods-CPCollectionViewStackLayoutTransitionDemo/Pods-CPCollectionViewStackLayoutTransitionDemo-frameworks.sh\"\n";
			showEnvVarsInLog = 0;
		};
/* End PBXShellScriptBuildPhase section */

/* Begin PBXSourcesBuildPhase section */
		90BC8FD11E587EA800C49A21 /* Sources */ = {
			isa = PBXSourcesBuildPhase;
			buildActionMask = 2147483647;
			files = (
				90BC8FDB1E587EA800C49A21 /* ViewController.swift in Sources */,
				90BC8FD91E587EA800C49A21 /* AppDelegate.swift in Sources */,
				90BC90101E5C5A6500C49A21 /* CPCollectionViewCell.swift in Sources */,
			);
			runOnlyForDeploymentPostprocessing = 0;
		};
/* End PBXSourcesBuildPhase section */

/* Begin PBXVariantGroup section */
		90BC8FDC1E587EA900C49A21 /* Main.storyboard */ = {
			isa = PBXVariantGroup;
			children = (
				90BC8FDD1E587EA900C49A21 /* Base */,
			);
			name = Main.storyboard;
			sourceTree = "<group>";
		};
		90BC8FE11E587EA900C49A21 /* LaunchScreen.storyboard */ = {
			isa = PBXVariantGroup;
			children = (
				90BC8FE21E587EA900C49A21 /* Base */,
			);
			name = LaunchScreen.storyboard;
			sourceTree = "<group>";
		};
/* End PBXVariantGroup section */

/* Begin XCBuildConfiguration section */
		90BC8FE51E587EA900C49A21 /* Debug */ = {
			isa = XCBuildConfiguration;
			buildSettings = {
				ALWAYS_SEARCH_USER_PATHS = NO;
				CLANG_ANALYZER_NONNULL = YES;
				CLANG_CXX_LANGUAGE_STANDARD = "gnu++0x";
				CLANG_CXX_LIBRARY = "libc++";
				CLANG_ENABLE_MODULES = YES;
				CLANG_ENABLE_OBJC_ARC = YES;
				CLANG_WARN_BOOL_CONVERSION = YES;
				CLANG_WARN_CONSTANT_CONVERSION = YES;
				CLANG_WARN_DIRECT_OBJC_ISA_USAGE = YES_ERROR;
				CLANG_WARN_DOCUMENTATION_COMMENTS = YES;
				CLANG_WARN_EMPTY_BODY = YES;
				CLANG_WARN_ENUM_CONVERSION = YES;
				CLANG_WARN_INFINITE_RECURSION = YES;
				CLANG_WARN_INT_CONVERSION = YES;
				CLANG_WARN_OBJC_ROOT_CLASS = YES_ERROR;
				CLANG_WARN_SUSPICIOUS_MOVE = YES;
				CLANG_WARN_UNREACHABLE_CODE = YES;
				CLANG_WARN__DUPLICATE_METHOD_MATCH = YES;
				"CODE_SIGN_IDENTITY[sdk=iphoneos*]" = "iPhone Developer";
				COPY_PHASE_STRIP = NO;
				DEBUG_INFORMATION_FORMAT = dwarf;
				ENABLE_STRICT_OBJC_MSGSEND = YES;
				ENABLE_TESTABILITY = YES;
				GCC_C_LANGUAGE_STANDARD = gnu99;
				GCC_DYNAMIC_NO_PIC = NO;
				GCC_NO_COMMON_BLOCKS = YES;
				GCC_OPTIMIZATION_LEVEL = 0;
				GCC_PREPROCESSOR_DEFINITIONS = (
					"DEBUG=1",
					"$(inherited)",
				);
				GCC_WARN_64_TO_32_BIT_CONVERSION = YES;
				GCC_WARN_ABOUT_RETURN_TYPE = YES_ERROR;
				GCC_WARN_UNDECLARED_SELECTOR = YES;
				GCC_WARN_UNINITIALIZED_AUTOS = YES_AGGRESSIVE;
				GCC_WARN_UNUSED_FUNCTION = YES;
				GCC_WARN_UNUSED_VARIABLE = YES;
				IPHONEOS_DEPLOYMENT_TARGET = 10.2;
				MTL_ENABLE_DEBUG_INFO = YES;
				ONLY_ACTIVE_ARCH = YES;
				SDKROOT = iphoneos;
				SWIFT_ACTIVE_COMPILATION_CONDITIONS = DEBUG;
				SWIFT_OPTIMIZATION_LEVEL = "-Onone";
			};
			name = Debug;
		};
		90BC8FE61E587EA900C49A21 /* Release */ = {
			isa = XCBuildConfiguration;
			buildSettings = {
				ALWAYS_SEARCH_USER_PATHS = NO;
				CLANG_ANALYZER_NONNULL = YES;
				CLANG_CXX_LANGUAGE_STANDARD = "gnu++0x";
				CLANG_CXX_LIBRARY = "libc++";
				CLANG_ENABLE_MODULES = YES;
				CLANG_ENABLE_OBJC_ARC = YES;
				CLANG_WARN_BOOL_CONVERSION = YES;
				CLANG_WARN_CONSTANT_CONVERSION = YES;
				CLANG_WARN_DIRECT_OBJC_ISA_USAGE = YES_ERROR;
				CLANG_WARN_DOCUMENTATION_COMMENTS = YES;
				CLANG_WARN_EMPTY_BODY = YES;
				CLANG_WARN_ENUM_CONVERSION = YES;
				CLANG_WARN_INFINITE_RECURSION = YES;
				CLANG_WARN_INT_CONVERSION = YES;
				CLANG_WARN_OBJC_ROOT_CLASS = YES_ERROR;
				CLANG_WARN_SUSPICIOUS_MOVE = YES;
				CLANG_WARN_UNREACHABLE_CODE = YES;
				CLANG_WARN__DUPLICATE_METHOD_MATCH = YES;
				"CODE_SIGN_IDENTITY[sdk=iphoneos*]" = "iPhone Developer";
				COPY_PHASE_STRIP = NO;
				DEBUG_INFORMATION_FORMAT = "dwarf-with-dsym";
				ENABLE_NS_ASSERTIONS = NO;
				ENABLE_STRICT_OBJC_MSGSEND = YES;
				GCC_C_LANGUAGE_STANDARD = gnu99;
				GCC_NO_COMMON_BLOCKS = YES;
				GCC_WARN_64_TO_32_BIT_CONVERSION = YES;
				GCC_WARN_ABOUT_RETURN_TYPE = YES_ERROR;
				GCC_WARN_UNDECLARED_SELECTOR = YES;
				GCC_WARN_UNINITIALIZED_AUTOS = YES_AGGRESSIVE;
				GCC_WARN_UNUSED_FUNCTION = YES;
				GCC_WARN_UNUSED_VARIABLE = YES;
				IPHONEOS_DEPLOYMENT_TARGET = 10.2;
				MTL_ENABLE_DEBUG_INFO = NO;
				SDKROOT = iphoneos;
				SWIFT_OPTIMIZATION_LEVEL = "-Owholemodule";
				VALIDATE_PRODUCT = YES;
			};
			name = Release;
		};
		90BC8FE81E587EA900C49A21 /* Debug */ = {
			isa = XCBuildConfiguration;
			baseConfigurationReference = EE564D8AC477EE3089D6FF50 /* Pods-CPCollectionViewStackLayoutTransitionDemo.debug.xcconfig */;
			buildSettings = {
				ASSETCATALOG_COMPILER_APPICON_NAME = AppIcon;
				DEVELOPMENT_TEAM = QPY54Z9HV5;
				INFOPLIST_FILE = CPCollectionViewStackLayoutTransitionDemo/Info.plist;
				LD_RUNPATH_SEARCH_PATHS = "$(inherited) @executable_path/Frameworks";
				PRODUCT_BUNDLE_IDENTIFIER = com.Parsifal.CPCollectionViewStackLayoutTransitionDemo;
				PRODUCT_NAME = "$(TARGET_NAME)";
				SWIFT_VERSION = 3.0;
			};
			name = Debug;
		};
		90BC8FE91E587EA900C49A21 /* Release */ = {
			isa = XCBuildConfiguration;
			baseConfigurationReference = 19E2037BD58A39C6F58ED54A /* Pods-CPCollectionViewStackLayoutTransitionDemo.release.xcconfig */;
			buildSettings = {
				ASSETCATALOG_COMPILER_APPICON_NAME = AppIcon;
				DEVELOPMENT_TEAM = QPY54Z9HV5;
				INFOPLIST_FILE = CPCollectionViewStackLayoutTransitionDemo/Info.plist;
				LD_RUNPATH_SEARCH_PATHS = "$(inherited) @executable_path/Frameworks";
				PRODUCT_BUNDLE_IDENTIFIER = com.Parsifal.CPCollectionViewStackLayoutTransitionDemo;
				PRODUCT_NAME = "$(TARGET_NAME)";
				SWIFT_VERSION = 3.0;
			};
			name = Release;
		};
/* End XCBuildConfiguration section */

/* Begin XCConfigurationList section */
		90BC8FD01E587EA800C49A21 /* Build configuration list for PBXProject "CPCollectionViewStackLayoutTransitionDemo" */ = {
			isa = XCConfigurationList;
			buildConfigurations = (
				90BC8FE51E587EA900C49A21 /* Debug */,
				90BC8FE61E587EA900C49A21 /* Release */,
			);
			defaultConfigurationIsVisible = 0;
			defaultConfigurationName = Release;
		};
		90BC8FE71E587EA900C49A21 /* Build configuration list for PBXNativeTarget "CPCollectionViewStackLayoutTransitionDemo" */ = {
			isa = XCConfigurationList;
			buildConfigurations = (
				90BC8FE81E587EA900C49A21 /* Debug */,
				90BC8FE91E587EA900C49A21 /* Release */,
			);
			defaultConfigurationIsVisible = 0;
			defaultConfigurationName = Release;
		};
/* End XCConfigurationList section */
	};
	rootObject = 90BC8FCD1E587EA800C49A21 /* Project object */;
}
